
Microsoft Visual Studio Solution File, Format Version 12.00
# Visual Studio Version 16
VisualStudioVersion = 16.0.808.8
MinimumVisualStudioVersion = 10.0.40219.1
Project("{FAE04EC0-301F-11D3-BF4B-00C04F79EFBC}") = "Xamarin.Styles.Android", "Xamarin.Styles.Android\Xamarin.Styles.Android.csproj", "{AD636243-06D1-4EC4-8298-2CF0B22A1AA9}"
EndProject
Project("{FAE04EC0-301F-11D3-BF4B-00C04F79EFBC}") = "Xamarin.Styles.iOS", "Xamarin.Styles.iOS\Xamarin.Styles.iOS.csproj", "{175D032D-EFAD-442A-83C9-B23AFB6FCF32}"
EndProject
Project("{FAE04EC0-301F-11D3-BF4B-00C04F79EFBC}") = "Xamarin.Styles", "Xamarin.Styles\Xamarin.Styles.csproj", "{54D62C1B-A31E-4E8D-A51F-641BC9C95ABD}"
EndProject
Global
	GlobalSection(SolutionConfigurationPlatforms) = preSolution
		Debug|Any CPU = Debug|Any CPU
		Release|Any CPU = Release|Any CPU
		Debug|iPhoneSimulator = Debug|iPhoneSimulator
		Release|iPhoneSimulator = Release|iPhoneSimulator
		Debug|iPhone = Debug|iPhone
		Release|iPhone = Release|iPhone
	EndGlobalSection
	GlobalSection(ProjectConfigurationPlatforms) = postSolution
		{AD636243-06D1-4EC4-8298-2CF0B22A1AA9}.Debug|Any CPU.ActiveCfg = Debug|Any CPU
		{AD636243-06D1-4EC4-8298-2CF0B22A1AA9}.Debug|Any CPU.Build.0 = Debug|Any CPU
		{AD636243-06D1-4EC4-8298-2CF0B22A1AA9}.Release|Any CPU.ActiveCfg = Release|Any CPU
		{AD636243-06D1-4EC4-8298-2CF0B22A1AA9}.Release|Any CPU.Build.0 = Release|Any CPU
		{AD636243-06D1-4EC4-8298-2CF0B22A1AA9}.Debug|iPhoneSimulator.ActiveCfg = Debug|Any CPU
		{AD636243-06D1-4EC4-8298-2CF0B22A1AA9}.Debug|iPhoneSimulator.Build.0 = Debug|Any CPU
		{AD636243-06D1-4EC4-8298-2CF0B22A1AA9}.Release|iPhoneSimulator.ActiveCfg = Release|Any CPU
		{AD636243-06D1-4EC4-8298-2CF0B22A1AA9}.Release|iPhoneSimulator.Build.0 = Release|Any CPU
		{AD636243-06D1-4EC4-8298-2CF0B22A1AA9}.Debug|iPhone.ActiveCfg = Debug|Any CPU
		{AD636243-06D1-4EC4-8298-2CF0B22A1AA9}.Debug|iPhone.Build.0 = Debug|Any CPU
		{AD636243-06D1-4EC4-8298-2CF0B22A1AA9}.Release|iPhone.ActiveCfg = Release|Any CPU
		{AD636243-06D1-4EC4-8298-2CF0B22A1AA9}.Release|iPhone.Build.0 = Release|Any CPU
		{175D032D-EFAD-442A-83C9-B23AFB6FCF32}.Debug|Any CPU.ActiveCfg = Debug|iPhoneSimulator
		{175D032D-EFAD-442A-83C9-B23AFB6FCF32}.Debug|Any CPU.Build.0 = Debug|iPhoneSimulator
		{175D032D-EFAD-442A-83C9-B23AFB6FCF32}.Release|Any CPU.ActiveCfg = Release|iPhoneSimulator
		{175D032D-EFAD-442A-83C9-B23AFB6FCF32}.Release|Any CPU.Build.0 = Release|iPhoneSimulator
		{175D032D-EFAD-442A-83C9-B23AFB6FCF32}.Debug|iPhoneSimulator.ActiveCfg = Debug|iPhoneSimulator
		{175D032D-EFAD-442A-83C9-B23AFB6FCF32}.Debug|iPhoneSimulator.Build.0 = Debug|iPhoneSimulator
		{175D032D-EFAD-442A-83C9-B23AFB6FCF32}.Release|iPhoneSimulator.ActiveCfg = Release|iPhoneSimulator
		{175D032D-EFAD-442A-83C9-B23AFB6FCF32}.Release|iPhoneSimulator.Build.0 = Release|iPhoneSimulator
		{175D032D-EFAD-442A-83C9-B23AFB6FCF32}.Debug|iPhone.ActiveCfg = Debug|iPhone
		{175D032D-EFAD-442A-83C9-B23AFB6FCF32}.Debug|iPhone.Build.0 = Debug|iPhone
		{175D032D-EFAD-442A-83C9-B23AFB6FCF32}.Release|iPhone.ActiveCfg = Release|iPhone
		{175D032D-EFAD-442A-83C9-B23AFB6FCF32}.Release|iPhone.Build.0 = Release|iPhone
		{54D62C1B-A31E-4E8D-A51F-641BC9C95ABD}.Debug|Any CPU.ActiveCfg = Debug|Any CPU
		{54D62C1B-A31E-4E8D-A51F-641BC9C95ABD}.Debug|Any CPU.Build.0 = Debug|Any CPU
		{54D62C1B-A31E-4E8D-A51F-641BC9C95ABD}.Release|Any CPU.ActiveCfg = Release|Any CPU
		{54D62C1B-A31E-4E8D-A51F-641BC9C95ABD}.Release|Any CPU.Build.0 = Release|Any CPU
		{54D62C1B-A31E-4E8D-A51F-641BC9C95ABD}.Debug|iPhoneSimulator.ActiveCfg = Debug|Any CPU
		{54D62C1B-A31E-4E8D-A51F-641BC9C95ABD}.Debug|iPhoneSimulator.Build.0 = Debug|Any CPU
		{54D62C1B-A31E-4E8D-A51F-641BC9C95ABD}.Release|iPhoneSimulator.ActiveCfg = Release|Any CPU
		{54D62C1B-A31E-4E8D-A51F-641BC9C95ABD}.Release|iPhoneSimulator.Build.0 = Release|Any CPU
		{54D62C1B-A31E-4E8D-A51F-641BC9C95ABD}.Debug|iPhone.ActiveCfg = Debug|Any CPU
		{54D62C1B-A31E-4E8D-A51F-641BC9C95ABD}.Debug|iPhone.Build.0 = Debug|Any CPU
		{54D62C1B-A31E-4E8D-A51F-641BC9C95ABD}.Release|iPhone.ActiveCfg = Release|Any CPU
		{54D62C1B-A31E-4E8D-A51F-641BC9C95ABD}.Release|iPhone.Build.0 = Release|Any CPU
	EndGlobalSection
	GlobalSection(SolutionProperties) = preSolution
		HideSolutionNode = FALSE
	EndGlobalSection
	GlobalSection(ExtensibilityGlobals) = postSolution
		SolutionGuid = {007017FD-F0AE-4649-82B4-DBED261C1071}
	EndGlobalSection
EndGlobal
